
Microsoft Visual Studio Solution File, Format Version 12.00
# Visual Studio 2013
VisualStudioVersion = 12.0.40629.0
MinimumVisualStudioVersion = 10.0.40219.1
Project("{8BC9CEB8-8B4A-11D0-8D11-00A0C91BC942}") = "OpenWinLProject", "OpenWinLProject\OpenWinLProject.vcxproj", "{3AEEA53D-20A2-41B9-9DF2-963115183080}"
EndProject
Project("{8BC9CEB8-8B4A-11D0-8D11-00A0C91BC942}") = "OpenWinL", "OpenWinL\OpenWinL.vcxproj", "{A931C298-45C3-4350-A197-C974F64A34D9}"
EndProject
Global
	GlobalSection(SolutionConfigurationPlatforms) = preSolution
		Debug|Win32 = Debug|Win32
		Release|Win32 = Release|Win32
	EndGlobalSection
	GlobalSection(ProjectConfigurationPlatforms) = postSolution
		{3AEEA53D-20A2-41B9-9DF2-963115183080}.Debug|Win32.ActiveCfg = Debug|Win32
		{3AEEA53D-20A2-41B9-9DF2-963115183080}.Debug|Win32.Build.0 = Debug|Win32
		{3AEEA53D-20A2-41B9-9DF2-963115183080}.Release|Win32.ActiveCfg = Release|Win32
		{3AEEA53D-20A2-41B9-9DF2-963115183080}.Release|Win32.Build.0 = Release|Win32
		{A931C298-45C3-4350-A197-C974F64A34D9}.Debug|Win32.ActiveCfg = Debug|Win32
		{A931C298-45C3-4350-A197-C974F64A34D9}.Debug|Win32.Build.0 = Debug|Win32
		{A931C298-45C3-4350-A197-C974F64A34D9}.Release|Win32.ActiveCfg = Release|Win32
		{A931C298-45C3-4350-A197-C974F64A34D9}.Release|Win32.Build.0 = Release|Win32
	EndGlobalSection
	GlobalSection(SolutionProperties) = preSolution
		HideSolutionNode = FALSE
	EndGlobalSection
EndGlobal
